PODS:
  - Realm (3.16.0):
    - Realm/Headers (= 3.16.0)
  - Realm/Headers (3.16.0)
  - RealmSwift (3.16.0):
    - Realm (= 3.16.0)

DEPENDENCIES:
  - RealmSwift

SPEC REPOS:
  https://github.com/cocoapods/specs.git:
    - Realm
    - RealmSwift

SPEC CHECKSUMS:
  Realm: 5ca1b8c472dfc532cd0ba0bfe2ce49f97130158f
  RealmSwift: 2ee401dbcc188706261921326146f5a539d4d4a7

PODFILE CHECKSUM: 52d9539a46b4ba3195e7c46038806a83e459e561

COCOAPODS: 1.7.0
